// !$*UTF8*$!
{
	archiveVersion = 1;
	classes = {
	};
	objectVersion = 77;
	objects = {

/* Begin PBXContainerItemProxy section */
		36ACADE82D1293FE005876BA /* PBXContainerItemProxy */ = {
			isa = PBXContainerItemProxy;
			containerPortal = 36ACADC92D1293FC005876BA /* Project object */;
			proxyType = 1;
			remoteGlobalIDString = 36ACADD02D1293FC005876BA;
			remoteInfo = ChoreGold;
		};
		36ACADF22D1293FE005876BA /* PBXContainerItemProxy */ = {
			isa = PBXContainerItemProxy;
			containerPortal = 36ACADC92D1293FC005876BA /* Project object */;
			proxyType = 1;
			remoteGlobalIDString = 36ACADD02D1293FC005876BA;
			remoteInfo = ChoreGold;
		};
/* End PBXContainerItemProxy section */

/* Begin PBXFileReference section */
		36ACADD12D1293FC005876BA /* ChoreGold.app */ = {isa = PBXFileReference; explicitFileType = wrapper.application; includeInIndex = 0; path = ChoreGold.app; sourceTree = BUILT_PRODUCTS_DIR; };
		36ACADE72D1293FE005876BA /* ChoreGoldTests.xctest */ = {isa = PBXFileReference; explicitFileType = wrapper.cfbundle; includeInIndex = 0; path = ChoreGoldTests.xctest; sourceTree = BUILT_PRODUCTS_DIR; };
		36ACADF12D1293FE005876BA /* ChoreGoldUITests.xctest */ = {isa = PBXFileReference; explicitFileType = wrapper.cfbundle; includeInIndex = 0; path = ChoreGoldUITests.xctest; sourceTree = BUILT_PRODUCTS_DIR; };
/* End PBXFileReference section */

/* Begin PBXFileSystemSynchronizedBuildFileExceptionSet section */
		36ACADF92D1293FE005876BA /* Exceptions for "ChoreGold" folder in "ChoreGold" target */ = {
			isa = PBXFileSystemSynchronizedBuildFileExceptionSet;
			membershipExceptions = (
				Info.plist,
			);
			target = 36ACADD02D1293FC005876BA /* ChoreGold */;
		};
/* End PBXFileSystemSynchronizedBuildFileExceptionSet section */

/* Begin PBXFileSystemSynchronizedRootGroup section */
		36ACADD32D1293FC005876BA /* ChoreGold */ = {
			isa = PBXFileSystemSynchronizedRootGroup;
			exceptions = (
				36ACADF92D1293FE005876BA /* Exceptions for "ChoreGold" folder in "ChoreGold" target */,
			);
			path = ChoreGold;
			sourceTree = "<group>";
		};
		36ACADEA2D1293FE005876BA /* ChoreGoldTests */ = {
			isa = PBXFileSystemSynchronizedRootGroup;
			path = ChoreGoldTests;
			sourceTree = "<group>";
		};
		36ACADF42D1293FE005876BA /* ChoreGoldUITests */ = {
			isa = PBXFileSystemSynchronizedRootGroup;
			path = ChoreGoldUITests;
			sourceTree = "<group>";
		};
/* End PBXFileSystemSynchronizedRootGroup section */

/* Begin PBXFrameworksBuildPhase section */
		36ACADCE2D1293FC005876BA /* Frameworks */ = {
			isa = PBXFrameworksBuildPhase;
			buildActionMask = 2147483647;
			files = (
			);
			runOnlyForDeploymentPostprocessing = 0;
		};
		36ACADE42D1293FE005876BA /* Frameworks */ = {
			isa = PBXFrameworksBuildPhase;
			buildActionMask = 2147483647;
			files = (
			);
			runOnlyForDeploymentPostprocessing = 0;
		};
		36ACADEE2D1293FE005876BA /* Frameworks */ = {
			isa = PBXFrameworksBuildPhase;
			buildActionMask = 2147483647;
			files = (
			);
			runOnlyForDeploymentPostprocessing = 0;
		};
/* End PBXFrameworksBuildPhase section */

/* Begin PBXGroup section */
		36ACADC82D1293FC005876BA = {
			isa = PBXGroup;
			children = (
				36ACADD32D1293FC005876BA /* ChoreGold */,
				36ACADEA2D1293FE005876BA /* ChoreGoldTests */,
				36ACADF42D1293FE005876BA /* ChoreGoldUITests */,
				36ACADD22D1293FC005876BA /* Products */,
			);
			sourceTree = "<group>";
		};
		36ACADD22D1293FC005876BA /* Products */ = {
			isa = PBXGroup;
			children = (
				36ACADD12D1293FC005876BA /* ChoreGold.app */,
				36ACADE72D1293FE005876BA /* ChoreGoldTests.xctest */,
				36ACADF12D1293FE005876BA /* ChoreGoldUITests.xctest */,
			);
			name = Products;
			sourceTree = "<group>";
		};
/* End PBXGroup section */

/* Begin PBXNativeTarget section */
		36ACADD02D1293FC005876BA /* ChoreGold */ = {
			isa = PBXNativeTarget;
			buildConfigurationList = 36ACADFA2D1293FE005876BA /* Build configuration list for PBXNativeTarget "ChoreGold" */;
			buildPhases = (
				36ACADCD2D1293FC005876BA /* Sources */,
				36ACADCE2D1293FC005876BA /* Frameworks */,
				36ACADCF2D1293FC005876BA /* Resources */,
			);
			buildRules = (
			);
			dependencies = (
			);
			fileSystemSynchronizedGroups = (
				36ACADD32D1293FC005876BA /* ChoreGold */,
			);
			name = ChoreGold;
			packageProductDependencies = (
			);
			productName = ChoreGold;
			productReference = 36ACADD12D1293FC005876BA /* ChoreGold.app */;
			productType = "com.apple.product-type.application";
		};
		36ACADE62D1293FE005876BA /* ChoreGoldTests */ = {
			isa = PBXNativeTarget;
			buildConfigurationList = 36ACADFF2D1293FE005876BA /* Build configuration list for PBXNativeTarget "ChoreGoldTests" */;
			buildPhases = (
				36ACADE32D1293FE005876BA /* Sources */,
				36ACADE42D1293FE005876BA /* Frameworks */,
				36ACADE52D1293FE005876BA /* Resources */,
			);
			buildRules = (
			);
			dependencies = (
				36ACADE92D1293FE005876BA /* PBXTargetDependency */,
			);
			fileSystemSynchronizedGroups = (
				36ACADEA2D1293FE005876BA /* ChoreGoldTests */,
			);
			name = ChoreGoldTests;
			packageProductDependencies = (
			);
			productName = ChoreGoldTests;
			productReference = 36ACADE72D1293FE005876BA /* ChoreGoldTests.xctest */;
			productType = "com.apple.product-type.bundle.unit-test";
		};
		36ACADF02D1293FE005876BA /* ChoreGoldUITests */ = {
			isa = PBXNativeTarget;
			buildConfigurationList = 36ACAE022D1293FE005876BA /* Build configuration list for PBXNativeTarget "ChoreGoldUITests" */;
			buildPhases = (
				36ACADED2D1293FE005876BA /* Sources */,
				36ACADEE2D1293FE005876BA /* Frameworks */,
				36ACADEF2D1293FE005876BA /* Resources */,
			);
			buildRules = (
			);
			dependencies = (
				36ACADF32D1293FE005876BA /* PBXTargetDependency */,
			);
			fileSystemSynchronizedGroups = (
				36ACADF42D1293FE005876BA /* ChoreGoldUITests */,
			);
			name = ChoreGoldUITests;
			packageProductDependencies = (
			);
			productName = ChoreGoldUITests;
			productReference = 36ACADF12D1293FE005876BA /* ChoreGoldUITests.xctest */;
			productType = "com.apple.product-type.bundle.ui-testing";
		};
/* End PBXNativeTarget section */

/* Begin PBXProject section */
		36ACADC92D1293FC005876BA /* Project object */ = {
			isa = PBXProject;
			attributes = {
				BuildIndependentTargetsInParallel = 1;
				LastSwiftUpdateCheck = 1620;
				LastUpgradeCheck = 1620;
				TargetAttributes = {
					36ACADD02D1293FC005876BA = {
						CreatedOnToolsVersion = 16.2;
					};
					36ACADE62D1293FE005876BA = {
						CreatedOnToolsVersion = 16.2;
						TestTargetID = 36ACADD02D1293FC005876BA;
					};
					36ACADF02D1293FE005876BA = {
						CreatedOnToolsVersion = 16.2;
						TestTargetID = 36ACADD02D1293FC005876BA;
					};
				};
			};
			buildConfigurationList = 36ACADCC2D1293FC005876BA /* Build configuration list for PBXProject "ChoreGold" */;
			developmentRegion = en;
			hasScannedForEncodings = 0;
			knownRegions = (
				en,
				Base,
			);
			mainGroup = 36ACADC82D1293FC005876BA;
			minimizedProjectReferenceProxies = 1;
			preferredProjectObjectVersion = 77;
			productRefGroup = 36ACADD22D1293FC005876BA /* Products */;
			projectDirPath = "";
			projectRoot = "";
			targets = (
				36ACADD02D1293FC005876BA /* ChoreGold */,
				36ACADE62D1293FE005876BA /* ChoreGoldTests */,
				36ACADF02D1293FE005876BA /* ChoreGoldUITests */,
			);
		};
/* End PBXProject section */

/* Begin PBXResourcesBuildPhase section */
		36ACADCF2D1293FC005876BA /* Resources */ = {
			isa = PBXResourcesBuildPhase;
			buildActionMask = 2147483647;
			files = (
			);
			runOnlyForDeploymentPostprocessing = 0;
		};
		36ACADE52D1293FE005876BA /* Resources */ = {
			isa = PBXResourcesBuildPhase;
			buildActionMask = 2147483647;
			files = (
			);
			runOnlyForDeploymentPostprocessing = 0;
		};
		36ACADEF2D1293FE005876BA /* Resources */ = {
			isa = PBXResourcesBuildPhase;
			buildActionMask = 2147483647;
			files = (
			);
			runOnlyForDeploymentPostprocessing = 0;
		};
/* End PBXResourcesBuildPhase section */

/* Begin PBXSourcesBuildPhase section */
		36ACADCD2D1293FC005876BA /* Sources */ = {
			isa = PBXSourcesBuildPhase;
			buildActionMask = 2147483647;
			files = (
			);
			runOnlyForDeploymentPostprocessing = 0;
		};
		36ACADE32D1293FE005876BA /* Sources */ = {
			isa = PBXSourcesBuildPhase;
			buildActionMask = 2147483647;
			files = (
			);
			runOnlyForDeploymentPostprocessing = 0;
		};
		36ACADED2D1293FE005876BA /* Sources */ = {
			isa = PBXSourcesBuildPhase;
			buildActionMask = 2147483647;
			files = (
			);
			runOnlyForDeploymentPostprocessing = 0;
		};
/* End PBXSourcesBuildPhase section */

/* Begin PBXTargetDependency section */
		36ACADE92D1293FE005876BA /* PBXTargetDependency */ = {
			isa = PBXTargetDependency;
			target = 36ACADD02D1293FC005876BA /* ChoreGold */;
			targetProxy = 36ACADE82D1293FE005876BA /* PBXContainerItemProxy */;
		};
		36ACADF32D1293FE005876BA /* PBXTargetDependency */ = {
			isa = PBXTargetDependency;
			target = 36ACADD02D1293FC005876BA /* ChoreGold */;
			targetProxy = 36ACADF22D1293FE005876BA /* PBXContainerItemProxy */;
		};
/* End PBXTargetDependency section */

/* Begin XCBuildConfiguration section */
		36ACADFB2D1293FE005876BA /* Debug */ = {
			isa = XCBuildConfiguration;
			buildSettings = {
				ASSETCATALOG_COMPILER_APPICON_NAME = AppIcon;
				ASSETCATALOG_COMPILER_GLOBAL_ACCENT_COLOR_NAME = AccentColor;
				CODE_SIGN_STYLE = Automatic;
				CURRENT_PROJECT_VERSION = 1;
				DEVELOPMENT_TEAM = C986S637P3;
				GENERATE_INFOPLIST_FILE = YES;
				INFOPLIST_FILE = ChoreGold/Info.plist;
				INFOPLIST_KEY_UIApplicationSupportsIndirectInputEvents = YES;
				INFOPLIST_KEY_UILaunchStoryboardName = LaunchScreen;
				INFOPLIST_KEY_UIMainStoryboardFile = Main;
				INFOPLIST_KEY_UISupportedInterfaceOrientations_iPad = "UIInterfaceOrientationPortrait UIInterfaceOrientationPortraitUpsideDown UIInterfaceOrientationLandscapeLeft UIInterfaceOrientationLandscapeRight";
				INFOPLIST_KEY_UISupportedInterfaceOrientations_iPhone = "UIInterfaceOrientationPortrait UIInterfaceOrientationLandscapeLeft UIInterfaceOrientationLandscapeRight";
				LD_RUNPATH_SEARCH_PATHS = (
					"$(inherited)",
					"@executable_path/Frameworks",
				);
				MARKETING_VERSION = 1.0;
				PRODUCT_BUNDLE_IDENTIFIER = com.chamberlain.ChoreGold;
				PRODUCT_NAME = "$(TARGET_NAME)";
				SWIFT_EMIT_LOC_STRINGS = YES;
				SWIFT_VERSION = 5.0;
				TARGETED_DEVICE_FAMILY = "1,2";
			};
			name = Debug;
		};
		36ACADFC2D1293FE005876BA /* Release */ = {
			isa = XCBuildConfiguration;
			buildSettings = {
				ASSETCATALOG_COMPILER_APPICON_NAME = AppIcon;
				ASSETCATALOG_COMPILER_GLOBAL_ACCENT_COLOR_NAME = AccentColor;
				CODE_SIGN_STYLE = Automatic;
				CURRENT_PROJECT_VERSION = 1;
				DEVELOPMENT_TEAM = C986S637P3;
				GENERATE_INFOPLIST_FILE = YES;
				INFOPLIST_FILE = ChoreGold/Info.plist;
				INFOPLIST_KEY_UIApplicationSupportsIndirectInputEvents = YES;
				INFOPLIST_KEY_UILaunchStoryboardName = LaunchScreen;
				INFOPLIST_KEY_UIMainStoryboardFile = Main;
				INFOPLIST_KEY_UISupportedInterfaceOrientations_iPad = "UIInterfaceOrientationPortrait UIInterfaceOrientationPortraitUpsideDown UIInterfaceOrientationLandscapeLeft UIInterfaceOrientationLandscapeRight";
				INFOPLIST_KEY_UISupportedInterfaceOrientations_iPhone = "UIInterfaceOrientationPortrait UIInterfaceOrientationLandscapeLeft UIInterfaceOrientationLandscapeRight";
				LD_RUNPATH_SEARCH_PATHS = (
					"$(inherited)",
					"@executable_path/Frameworks",
				);
				MARKETING_VERSION = 1.0;
				PRODUCT_BUNDLE_IDENTIFIER = com.chamberlain.ChoreGold;
				PRODUCT_NAME = "$(TARGET_NAME)";
				SWIFT_EMIT_LOC_STRINGS = YES;
				SWIFT_VERSION = 5.0;
				TARGETED_DEVICE_FAMILY = "1,2";
			};
			name = Release;
		};
		36ACADFD2D1293FE005876BA /* Debug */ = {
			isa = XCBuildConfiguration;
			buildSettings = {
				ALWAYS_SEARCH_USER_PATHS = NO;
				ASSETCATALOG_COMPILER_GENERATE_SWIFT_ASSET_SYMBOL_EXTENSIONS = YES;
				CLANG_ANALYZER_NONNULL = YES;
				CLANG_ANALYZER_NUMBER_OBJECT_CONVERSION = YES_AGGRESSIVE;
				CLANG_CXX_LANGUAGE_STANDARD = "gnu++20";
				CLANG_ENABLE_MODULES = YES;
				CLANG_ENABLE_OBJC_ARC = YES;
				CLANG_ENABLE_OBJC_WEAK = YES;
				CLANG_WARN_BLOCK_CAPTURE_AUTORELEASING = YES;
				CLANG_WARN_BOOL_CONVERSION = YES;
				CLANG_WARN_COMMA = YES;
				CLANG_WARN_CONSTANT_CONVERSION = YES;
				CLANG_WARN_DEPRECATED_OBJC_IMPLEMENTATIONS = YES;
				CLANG_WARN_DIRECT_OBJC_ISA_USAGE = YES_ERROR;
				CLANG_WARN_DOCUMENTATION_COMMENTS = YES;
				CLANG_WARN_EMPTY_BODY = YES;
				CLANG_WARN_ENUM_CONVERSION = YES;
				CLANG_WARN_INFINITE_RECURSION = YES;
				CLANG_WARN_INT_CONVERSION = YES;
				CLANG_WARN_NON_LITERAL_NULL_CONVERSION = YES;
				CLANG_WARN_OBJC_IMPLICIT_RETAIN_SELF = YES;
				CLANG_WARN_OBJC_LITERAL_CONVERSION = YES;
				CLANG_WARN_OBJC_ROOT_CLASS = YES_ERROR;
				CLANG_WARN_QUOTED_INCLUDE_IN_FRAMEWORK_HEADER = YES;
				CLANG_WARN_RANGE_LOOP_ANALYSIS = YES;
				CLANG_WARN_STRICT_PROTOTYPES = YES;
				CLANG_WARN_SUSPICIOUS_MOVE = YES;
				CLANG_WARN_UNGUARDED_AVAILABILITY = YES_AGGRESSIVE;
				CLANG_WARN_UNREACHABLE_CODE = YES;
				CLANG_WARN__DUPLICATE_METHOD_MATCH = YES;
				COPY_PHASE_STRIP = NO;
				DEBUG_INFORMATION_FORMAT = dwarf;
				ENABLE_STRICT_OBJC_MSGSEND = YES;
				ENABLE_TESTABILITY = YES;
				ENABLE_USER_SCRIPT_SANDBOXING = YES;
				GCC_C_LANGUAGE_STANDARD = gnu17;
				GCC_DYNAMIC_NO_PIC = NO;
				GCC_NO_COMMON_BLOCKS = YES;
				GCC_OPTIMIZATION_LEVEL = 0;
				GCC_PREPROCESSOR_DEFINITIONS = (
					"DEBUG=1",
					"$(inherited)",
				);
				GCC_WARN_64_TO_32_BIT_CONVERSION = YES;
				GCC_WARN_ABOUT_RETURN_TYPE = YES_ERROR;
				GCC_WARN_UNDECLARED_SELECTOR = YES;
				GCC_WARN_UNINITIALIZED_AUTOS = YES_AGGRESSIVE;
				GCC_WARN_UNUSED_FUNCTION = YES;
				GCC_WARN_UNUSED_VARIABLE = YES;
				IPHONEOS_DEPLOYMENT_TARGET = 18.2;
				LOCALIZATION_PREFERS_STRING_CATALOGS = YES;
				MTL_ENABLE_DEBUG_INFO = INCLUDE_SOURCE;
				MTL_FAST_MATH = YES;
				ONLY_ACTIVE_ARCH = YES;
				SDKROOT = iphoneos;
				SWIFT_ACTIVE_COMPILATION_CONDITIONS = "DEBUG $(inherited)";
				SWIFT_OPTIMIZATION_LEVEL = "-Onone";
			};
			name = Debug;
		};
		36ACADFE2D1293FE005876BA /* Release */ = {
			isa = XCBuildConfiguration;
			buildSettings = {
				ALWAYS_SEARCH_USER_PATHS = NO;
				ASSETCATALOG_COMPILER_GENERATE_SWIFT_ASSET_SYMBOL_EXTENSIONS = YES;
				CLANG_ANALYZER_NONNULL = YES;
				CLANG_ANALYZER_NUMBER_OBJECT_CONVERSION = YES_AGGRESSIVE;
				CLANG_CXX_LANGUAGE_STANDARD = "gnu++20";
				CLANG_ENABLE_MODULES = YES;
				CLANG_ENABLE_OBJC_ARC = YES;
				CLANG_ENABLE_OBJC_WEAK = YES;
				CLANG_WARN_BLOCK_CAPTURE_AUTORELEASING = YES;
				CLANG_WARN_BOOL_CONVERSION = YES;
				CLANG_WARN_COMMA = YES;
				CLANG_WARN_CONSTANT_CONVERSION = YES;
				CLANG_WARN_DEPRECATED_OBJC_IMPLEMENTATIONS = YES;
				CLANG_WARN_DIRECT_OBJC_ISA_USAGE = YES_ERROR;
				CLANG_WARN_DOCUMENTATION_COMMENTS = YES;
				CLANG_WARN_EMPTY_BODY = YES;
				CLANG_WARN_ENUM_CONVERSION = YES;
				CLANG_WARN_INFINITE_RECURSION = YES;
				CLANG_WARN_INT_CONVERSION = YES;
				CLANG_WARN_NON_LITERAL_NULL_CONVERSION = YES;
				CLANG_WARN_OBJC_IMPLICIT_RETAIN_SELF = YES;
				CLANG_WARN_OBJC_LITERAL_CONVERSION = YES;
				CLANG_WARN_OBJC_ROOT_CLASS = YES_ERROR;
				CLANG_WARN_QUOTED_INCLUDE_IN_FRAMEWORK_HEADER = YES;
				CLANG_WARN_RANGE_LOOP_ANALYSIS = YES;
				CLANG_WARN_STRICT_PROTOTYPES = YES;
				CLANG_WARN_SUSPICIOUS_MOVE = YES;
				CLANG_WARN_UNGUARDED_AVAILABILITY = YES_AGGRESSIVE;
				CLANG_WARN_UNREACHABLE_CODE = YES;
				CLANG_WARN__DUPLICATE_METHOD_MATCH = YES;
				COPY_PHASE_STRIP = NO;
				DEBUG_INFORMATION_FORMAT = "dwarf-with-dsym";
				ENABLE_NS_ASSERTIONS = NO;
				ENABLE_STRICT_OBJC_MSGSEND = YES;
				ENABLE_USER_SCRIPT_SANDBOXING = YES;
				GCC_C_LANGUAGE_STANDARD = gnu17;
				GCC_NO_COMMON_BLOCKS = YES;
				GCC_WARN_64_TO_32_BIT_CONVERSION = YES;
				GCC_WARN_ABOUT_RETURN_TYPE = YES_ERROR;
				GCC_WARN_UNDECLARED_SELECTOR = YES;
				GCC_WARN_UNINITIALIZED_AUTOS = YES_AGGRESSIVE;
				GCC_WARN_UNUSED_FUNCTION = YES;
				GCC_WARN_UNUSED_VARIABLE = YES;
				IPHONEOS_DEPLOYMENT_TARGET = 18.2;
				LOCALIZATION_PREFERS_STRING_CATALOGS = YES;
				MTL_ENABLE_DEBUG_INFO = NO;
				MTL_FAST_MATH = YES;
				SDKROOT = iphoneos;
				SWIFT_COMPILATION_MODE = wholemodule;
				VALIDATE_PRODUCT = YES;
			};
			name = Release;
		};
		36ACAE002D1293FE005876BA /* Debug */ = {
			isa = XCBuildConfiguration;
			buildSettings = {
				BUNDLE_LOADER = "$(TEST_HOST)";
				CODE_SIGN_STYLE = Automatic;
				CURRENT_PROJECT_VERSION = 1;
				DEVELOPMENT_TEAM = C986S637P3;
				GENERATE_INFOPLIST_FILE = YES;
				IPHONEOS_DEPLOYMENT_TARGET = 18.2;
				MARKETING_VERSION = 1.0;
				PRODUCT_BUNDLE_IDENTIFIER = com.chamberlain.ChoreGoldTests;
				PRODUCT_NAME = "$(TARGET_NAME)";
				SWIFT_EMIT_LOC_STRINGS = NO;
				SWIFT_VERSION = 5.0;
				TARGETED_DEVICE_FAMILY = "1,2";
				TEST_HOST = "$(BUILT_PRODUCTS_DIR)/ChoreGold.app/$(BUNDLE_EXECUTABLE_FOLDER_PATH)/ChoreGold";
			};
			name = Debug;
		};
		36ACAE012D1293FE005876BA /* Release */ = {
			isa = XCBuildConfiguration;
			buildSettings = {
				BUNDLE_LOADER = "$(TEST_HOST)";
				CODE_SIGN_STYLE = Automatic;
				CURRENT_PROJECT_VERSION = 1;
				DEVELOPMENT_TEAM = C986S637P3;
				GENERATE_INFOPLIST_FILE = YES;
				IPHONEOS_DEPLOYMENT_TARGET = 18.2;
				MARKETING_VERSION = 1.0;
				PRODUCT_BUNDLE_IDENTIFIER = com.chamberlain.ChoreGoldTests;
				PRODUCT_NAME = "$(TARGET_NAME)";
				SWIFT_EMIT_LOC_STRINGS = NO;
				SWIFT_VERSION = 5.0;
				TARGETED_DEVICE_FAMILY = "1,2";
				TEST_HOST = "$(BUILT_PRODUCTS_DIR)/ChoreGold.app/$(BUNDLE_EXECUTABLE_FOLDER_PATH)/ChoreGold";
			};
			name = Release;
		};
		36ACAE032D1293FE005876BA /* Debug */ = {
			isa = XCBuildConfiguration;
			buildSettings = {
				CODE_SIGN_STYLE = Automatic;
				CURRENT_PROJECT_VERSION = 1;
				DEVELOPMENT_TEAM = C986S637P3;
				GENERATE_INFOPLIST_FILE = YES;
				MARKETING_VERSION = 1.0;
				PRODUCT_BUNDLE_IDENTIFIER = com.chamberlain.ChoreGoldUITests;
				PRODUCT_NAME = "$(TARGET_NAME)";
				SWIFT_EMIT_LOC_STRINGS = NO;
				SWIFT_VERSION = 5.0;
				TARGETED_DEVICE_FAMILY = "1,2";
				TEST_TARGET_NAME = ChoreGold;
			};
			name = Debug;
		};
		36ACAE042D1293FE005876BA /* Release */ = {
			isa = XCBuildConfiguration;
			buildSettings = {
				CODE_SIGN_STYLE = Automatic;
				CURRENT_PROJECT_VERSION = 1;
				DEVELOPMENT_TEAM = C986S637P3;
				GENERATE_INFOPLIST_FILE = YES;
				MARKETING_VERSION = 1.0;
				PRODUCT_BUNDLE_IDENTIFIER = com.chamberlain.ChoreGoldUITests;
				PRODUCT_NAME = "$(TARGET_NAME)";
				SWIFT_EMIT_LOC_STRINGS = NO;
				SWIFT_VERSION = 5.0;
				TARGETED_DEVICE_FAMILY = "1,2";
				TEST_TARGET_NAME = ChoreGold;
			};
			name = Release;
		};
/* End XCBuildConfiguration section */

/* Begin XCConfigurationList section */
		36ACADCC2D1293FC005876BA /* Build configuration list for PBXProject "ChoreGold" */ = {
			isa = XCConfigurationList;
			buildConfigurations = (
				36ACADFD2D1293FE005876BA /* Debug */,
				36ACADFE2D1293FE005876BA /* Release */,
			);
			defaultConfigurationIsVisible = 0;
			defaultConfigurationName = Release;
		};
		36ACADFA2D1293FE005876BA /* Build configuration list for PBXNativeTarget "ChoreGold" */ = {
			isa = XCConfigurationList;
			buildConfigurations = (
				36ACADFB2D1293FE005876BA /* Debug */,
				36ACADFC2D1293FE005876BA /* Release */,
			);
			defaultConfigurationIsVisible = 0;
			defaultConfigurationName = Release;
		};
		36ACADFF2D1293FE005876BA /* Build configuration list for PBXNativeTarget "ChoreGoldTests" */ = {
			isa = XCConfigurationList;
			buildConfigurations = (
				36ACAE002D1293FE005876BA /* Debug */,
				36ACAE012D1293FE005876BA /* Release */,
			);
			defaultConfigurationIsVisible = 0;
			defaultConfigurationName = Release;
		};
		36ACAE022D1293FE005876BA /* Build configuration list for PBXNativeTarget "ChoreGoldUITests" */ = {
			isa = XCConfigurationList;
			buildConfigurations = (
				36ACAE032D1293FE005876BA /* Debug */,
				36ACAE042D1293FE005876BA /* Release */,
			);
			defaultConfigurationIsVisible = 0;
			defaultConfigurationName = Release;
		};
/* End XCConfigurationList section */
	};
	rootObject = 36ACADC92D1293FC005876BA /* Project object */;
}
